
Microsoft Visual Studio Solution File, Format Version 12.00
# Visual Studio Version 17
VisualStudioVersion = 17.6.33815.320
MinimumVisualStudioVersion = 10.0.40219.1
Project("{FAE04EC0-301F-11D3-BF4B-00C04F79EFBC}") = "SurveySystem.web", "SurveySystem.web.csproj", "{2CE1A9FA-E0C6-427C-AE26-ACFE7D534812}"
EndProject
Project("{FAE04EC0-301F-11D3-BF4B-00C04F79EFBC}") = "SurveySystem.Models", "..\SurveySystem.Model\SurveySystem.Models.csproj", "{41707312-424C-4F5D-88C1-66D024E150A2}"
EndProject
Project("{FAE04EC0-301F-11D3-BF4B-00C04F79EFBC}") = "SurveySystem.Reposistories", "..\SurveySystem.Reposistories\SurveySystem.Reposistories.csproj", "{A54C2E7E-7E8A-4700-B593-4B697B4BB2AF}"
EndProject
Global
	GlobalSection(SolutionConfigurationPlatforms) = preSolution
		Debug|Any CPU = Debug|Any CPU
		Release|Any CPU = Release|Any CPU
	EndGlobalSection
	GlobalSection(ProjectConfigurationPlatforms) = postSolution
		{2CE1A9FA-E0C6-427C-AE26-ACFE7D534812}.Debug|Any CPU.ActiveCfg = Debug|Any CPU
		{2CE1A9FA-E0C6-427C-AE26-ACFE7D534812}.Debug|Any CPU.Build.0 = Debug|Any CPU
		{2CE1A9FA-E0C6-427C-AE26-ACFE7D534812}.Release|Any CPU.ActiveCfg = Release|Any CPU
		{2CE1A9FA-E0C6-427C-AE26-ACFE7D534812}.Release|Any CPU.Build.0 = Release|Any CPU
		{41707312-424C-4F5D-88C1-66D024E150A2}.Debug|Any CPU.ActiveCfg = Debug|Any CPU
		{41707312-424C-4F5D-88C1-66D024E150A2}.Debug|Any CPU.Build.0 = Debug|Any CPU
		{41707312-424C-4F5D-88C1-66D024E150A2}.Release|Any CPU.ActiveCfg = Release|Any CPU
		{41707312-424C-4F5D-88C1-66D024E150A2}.Release|Any CPU.Build.0 = Release|Any CPU
		{A54C2E7E-7E8A-4700-B593-4B697B4BB2AF}.Debug|Any CPU.ActiveCfg = Debug|Any CPU
		{A54C2E7E-7E8A-4700-B593-4B697B4BB2AF}.Debug|Any CPU.Build.0 = Debug|Any CPU
		{A54C2E7E-7E8A-4700-B593-4B697B4BB2AF}.Release|Any CPU.ActiveCfg = Release|Any CPU
		{A54C2E7E-7E8A-4700-B593-4B697B4BB2AF}.Release|Any CPU.Build.0 = Release|Any CPU
	EndGlobalSection
	GlobalSection(SolutionProperties) = preSolution
		HideSolutionNode = FALSE
	EndGlobalSection
	GlobalSection(ExtensibilityGlobals) = postSolution
		SolutionGuid = {2ECC0463-1D84-45C7-BE18-D7161E5F82C1}
	EndGlobalSection
EndGlobal
